
Microsoft Visual Studio Solution File, Format Version 12.00
# Visual Studio Version 16
VisualStudioVersion = 16.0.29215.179
MinimumVisualStudioVersion = 10.0.40219.1
Project("{FAE04EC0-301F-11D3-BF4B-00C04F79EFBC}") = "Bai83", "Bai83.csproj", "{6BABA864-E67C-4F5E-8BF0-405CFC29EC87}"
EndProject
Global
	GlobalSection(SolutionConfigurationPlatforms) = preSolution
		Debug|Any CPU = Debug|Any CPU
		Release|Any CPU = Release|Any CPU
	EndGlobalSection
	GlobalSection(ProjectConfigurationPlatforms) = postSolution
		{6BABA864-E67C-4F5E-8BF0-405CFC29EC87}.Debug|Any CPU.ActiveCfg = Debug|Any CPU
		{6BABA864-E67C-4F5E-8BF0-405CFC29EC87}.Debug|Any CPU.Build.0 = Debug|Any CPU
		{6BABA864-E67C-4F5E-8BF0-405CFC29EC87}.Release|Any CPU.ActiveCfg = Release|Any CPU
		{6BABA864-E67C-4F5E-8BF0-405CFC29EC87}.Release|Any CPU.Build.0 = Release|Any CPU
	EndGlobalSection
	GlobalSection(SolutionProperties) = preSolution
		HideSolutionNode = FALSE
	EndGlobalSection
	GlobalSection(ExtensibilityGlobals) = postSolution
		SolutionGuid = {1BF79D36-F8E5-48B3-A44E-B748885CCAF3}
	EndGlobalSection
EndGlobal
