
Microsoft Visual Studio Solution File, Format Version 12.00
# Visual Studio Version 16
VisualStudioVersion = 16.0.29209.62
MinimumVisualStudioVersion = 10.0.40219.1
Project("{FAE04EC0-301F-11D3-BF4B-00C04F79EFBC}") = "Bai67", "Bai67\Bai67.csproj", "{780F545A-76B5-43D5-ABCF-4D20DBA5750F}"
EndProject
Global
	GlobalSection(SolutionConfigurationPlatforms) = preSolution
		Debug|Any CPU = Debug|Any CPU
		Release|Any CPU = Release|Any CPU
	EndGlobalSection
	GlobalSection(ProjectConfigurationPlatforms) = postSolution
		{780F545A-76B5-43D5-ABCF-4D20DBA5750F}.Debug|Any CPU.ActiveCfg = Debug|Any CPU
		{780F545A-76B5-43D5-ABCF-4D20DBA5750F}.Debug|Any CPU.Build.0 = Debug|Any CPU
		{780F545A-76B5-43D5-ABCF-4D20DBA5750F}.Release|Any CPU.ActiveCfg = Release|Any CPU
		{780F545A-76B5-43D5-ABCF-4D20DBA5750F}.Release|Any CPU.Build.0 = Release|Any CPU
	EndGlobalSection
	GlobalSection(SolutionProperties) = preSolution
		HideSolutionNode = FALSE
	EndGlobalSection
	GlobalSection(ExtensibilityGlobals) = postSolution
		SolutionGuid = {7AA9F04B-7411-409D-9838-A78241A69516}
	EndGlobalSection
EndGlobal
